
Microsoft Visual Studio Solution File, Format Version 12.00
# Visual Studio Version 17
VisualStudioVersion = 17.9.34728.123
MinimumVisualStudioVersion = 10.0.40219.1
Project("{8BC9CEB8-8B4A-11D0-8D11-00A0C91BC942}") = "ServerPreferrer", "ServerPreferrer\ServerPreferrer.vcxproj", "{A51DB5DC-CA38-4774-8096-E961EF91F46C}"
EndProject
Global
	GlobalSection(SolutionConfigurationPlatforms) = preSolution
		Release|x64 = Release|x64
	EndGlobalSection
	GlobalSection(ProjectConfigurationPlatforms) = postSolution
		{A51DB5DC-CA38-4774-8096-E961EF91F46C}.Release|x64.ActiveCfg = Release|x64
		{A51DB5DC-CA38-4774-8096-E961EF91F46C}.Release|x64.Build.0 = Release|x64
	EndGlobalSection
	GlobalSection(SolutionProperties) = preSolution
		HideSolutionNode = FALSE
	EndGlobalSection
	GlobalSection(ExtensibilityGlobals) = postSolution
		SolutionGuid = {F036FC4E-22D1-4E1F-8607-21610ECA93F0}
	EndGlobalSection
EndGlobal
